// !$*UTF8*$!
{
	archiveVersion = 1;
	classes = {
	};
	objectVersion = 77;
	objects = {

/* Begin PBXBuildFile section */
		5BCBF1602D8E687D00D0F453 /* FirebaseAnalytics in Frameworks */ = {isa = PBXBuildFile; productRef = 5BCBF15F2D8E687D00D0F453 /* FirebaseAnalytics */; };
		5BCBF1622D8E687D00D0F453 /* FirebaseAuth in Frameworks */ = {isa = PBXBuildFile; productRef = 5BCBF1612D8E687D00D0F453 /* FirebaseAuth */; };
		5BCBF1642D8E687D00D0F453 /* FirebaseCore in Frameworks */ = {isa = PBXBuildFile; productRef = 5BCBF1632D8E687D00D0F453 /* FirebaseCore */; };
		5BCBF1662D8E687D00D0F453 /* FirebaseCrashlytics in Frameworks */ = {isa = PBXBuildFile; productRef = 5BCBF1652D8E687D00D0F453 /* FirebaseCrashlytics */; };
		5BCBF1702D8E71C600D0F453 /* GoogleService-Info.plist in Resources */ = {isa = PBXBuildFile; fileRef = 5BCBF16F2D8E71C600D0F453 /* GoogleService-Info.plist */; };
		5BCBF1B72D8F522400D0F453 /* FirebaseFirestore in Frameworks */ = {isa = PBXBuildFile; productRef = 5BCBF1B62D8F522400D0F453 /* FirebaseFirestore */; };
/* End PBXBuildFile section */

/* Begin PBXContainerItemProxy section */
		5B04B2E62D8E342800AA5076 /* PBXContainerItemProxy */ = {
			isa = PBXContainerItemProxy;
			containerPortal = 5B04B2CD2D8E342600AA5076 /* Project object */;
			proxyType = 1;
			remoteGlobalIDString = 5B04B2D42D8E342600AA5076;
			remoteInfo = GoAnime;
		};
		5B04B2F02D8E342800AA5076 /* PBXContainerItemProxy */ = {
			isa = PBXContainerItemProxy;
			containerPortal = 5B04B2CD2D8E342600AA5076 /* Project object */;
			proxyType = 1;
			remoteGlobalIDString = 5B04B2D42D8E342600AA5076;
			remoteInfo = GoAnime;
		};
/* End PBXContainerItemProxy section */

/* Begin PBXFileReference section */
		5B04B2D52D8E342600AA5076 /* GoAnime.app */ = {isa = PBXFileReference; explicitFileType = wrapper.application; includeInIndex = 0; path = GoAnime.app; sourceTree = BUILT_PRODUCTS_DIR; };
		5B04B2E52D8E342800AA5076 /* GoAnimeTests.xctest */ = {isa = PBXFileReference; explicitFileType = wrapper.cfbundle; includeInIndex = 0; path = GoAnimeTests.xctest; sourceTree = BUILT_PRODUCTS_DIR; };
		5B04B2EF2D8E342800AA5076 /* GoAnimeUITests.xctest */ = {isa = PBXFileReference; explicitFileType = wrapper.cfbundle; includeInIndex = 0; path = GoAnimeUITests.xctest; sourceTree = BUILT_PRODUCTS_DIR; };
		5BCBF16F2D8E71C600D0F453 /* GoogleService-Info.plist */ = {isa = PBXFileReference; lastKnownFileType = text.plist.xml; path = "GoogleService-Info.plist"; sourceTree = "<group>"; };
/* End PBXFileReference section */

/* Begin PBXFileSystemSynchronizedBuildFileExceptionSet section */
		5B04B30D2D8E34BF00AA5076 /* Exceptions for "GoAnime" folder in "GoAnime" target */ = {
			isa = PBXFileSystemSynchronizedBuildFileExceptionSet;
			membershipExceptions = (
				Info.plist,
			);
			target = 5B04B2D42D8E342600AA5076 /* GoAnime */;
		};
/* End PBXFileSystemSynchronizedBuildFileExceptionSet section */

/* Begin PBXFileSystemSynchronizedRootGroup section */
		5B04B2D72D8E342600AA5076 /* GoAnime */ = {
			isa = PBXFileSystemSynchronizedRootGroup;
			exceptions = (
				5B04B30D2D8E34BF00AA5076 /* Exceptions for "GoAnime" folder in "GoAnime" target */,
			);
			path = GoAnime;
			sourceTree = "<group>";
		};
		5B04B2E82D8E342800AA5076 /* GoAnimeTests */ = {
			isa = PBXFileSystemSynchronizedRootGroup;
			path = GoAnimeTests;
			sourceTree = "<group>";
		};
		5B04B2F22D8E342800AA5076 /* GoAnimeUITests */ = {
			isa = PBXFileSystemSynchronizedRootGroup;
			path = GoAnimeUITests;
			sourceTree = "<group>";
		};
/* End PBXFileSystemSynchronizedRootGroup section */

/* Begin PBXFrameworksBuildPhase section */
		5B04B2D22D8E342600AA5076 /* Frameworks */ = {
			isa = PBXFrameworksBuildPhase;
			buildActionMask = 2147483647;
			files = (
				5BCBF1602D8E687D00D0F453 /* FirebaseAnalytics in Frameworks */,
				5BCBF1662D8E687D00D0F453 /* FirebaseCrashlytics in Frameworks */,
				5BCBF1642D8E687D00D0F453 /* FirebaseCore in Frameworks */,
				5BCBF1B72D8F522400D0F453 /* FirebaseFirestore in Frameworks */,
				5BCBF1622D8E687D00D0F453 /* FirebaseAuth in Frameworks */,
			);
			runOnlyForDeploymentPostprocessing = 0;
		};
		5B04B2E22D8E342800AA5076 /* Frameworks */ = {
			isa = PBXFrameworksBuildPhase;
			buildActionMask = 2147483647;
			files = (
			);
			runOnlyForDeploymentPostprocessing = 0;
		};
		5B04B2EC2D8E342800AA5076 /* Frameworks */ = {
			isa = PBXFrameworksBuildPhase;
			buildActionMask = 2147483647;
			files = (
			);
			runOnlyForDeploymentPostprocessing = 0;
		};
/* End PBXFrameworksBuildPhase section */

/* Begin PBXGroup section */
		5B04B2CC2D8E342600AA5076 = {
			isa = PBXGroup;
			children = (
				5B04B2D72D8E342600AA5076 /* GoAnime */,
				5B04B2E82D8E342800AA5076 /* GoAnimeTests */,
				5B04B2F22D8E342800AA5076 /* GoAnimeUITests */,
				5B04B2D62D8E342600AA5076 /* Products */,
				5BCBF16F2D8E71C600D0F453 /* GoogleService-Info.plist */,
			);
			sourceTree = "<group>";
		};
		5B04B2D62D8E342600AA5076 /* Products */ = {
			isa = PBXGroup;
			children = (
				5B04B2D52D8E342600AA5076 /* GoAnime.app */,
				5B04B2E52D8E342800AA5076 /* GoAnimeTests.xctest */,
				5B04B2EF2D8E342800AA5076 /* GoAnimeUITests.xctest */,
			);
			name = Products;
			sourceTree = "<group>";
		};
/* End PBXGroup section */

/* Begin PBXNativeTarget section */
		5B04B2D42D8E342600AA5076 /* GoAnime */ = {
			isa = PBXNativeTarget;
			buildConfigurationList = 5B04B2F92D8E342800AA5076 /* Build configuration list for PBXNativeTarget "GoAnime" */;
			buildPhases = (
				5B04B2D12D8E342600AA5076 /* Sources */,
				5B04B2D22D8E342600AA5076 /* Frameworks */,
				5B04B2D32D8E342600AA5076 /* Resources */,
			);
			buildRules = (
			);
			dependencies = (
			);
			fileSystemSynchronizedGroups = (
				5B04B2D72D8E342600AA5076 /* GoAnime */,
			);
			name = GoAnime;
			packageProductDependencies = (
				5BCBF15F2D8E687D00D0F453 /* FirebaseAnalytics */,
				5BCBF1612D8E687D00D0F453 /* FirebaseAuth */,
				5BCBF1632D8E687D00D0F453 /* FirebaseCore */,
				5BCBF1652D8E687D00D0F453 /* FirebaseCrashlytics */,
				5BCBF1B62D8F522400D0F453 /* FirebaseFirestore */,
			);
			productName = GoAnime;
			productReference = 5B04B2D52D8E342600AA5076 /* GoAnime.app */;
			productType = "com.apple.product-type.application";
		};
		5B04B2E42D8E342800AA5076 /* GoAnimeTests */ = {
			isa = PBXNativeTarget;
			buildConfigurationList = 5B04B2FC2D8E342800AA5076 /* Build configuration list for PBXNativeTarget "GoAnimeTests" */;
			buildPhases = (
				5B04B2E12D8E342800AA5076 /* Sources */,
				5B04B2E22D8E342800AA5076 /* Frameworks */,
				5B04B2E32D8E342800AA5076 /* Resources */,
			);
			buildRules = (
			);
			dependencies = (
				5B04B2E72D8E342800AA5076 /* PBXTargetDependency */,
			);
			fileSystemSynchronizedGroups = (
				5B04B2E82D8E342800AA5076 /* GoAnimeTests */,
			);
			name = GoAnimeTests;
			packageProductDependencies = (
			);
			productName = GoAnimeTests;
			productReference = 5B04B2E52D8E342800AA5076 /* GoAnimeTests.xctest */;
			productType = "com.apple.product-type.bundle.unit-test";
		};
		5B04B2EE2D8E342800AA5076 /* GoAnimeUITests */ = {
			isa = PBXNativeTarget;
			buildConfigurationList = 5B04B2FF2D8E342800AA5076 /* Build configuration list for PBXNativeTarget "GoAnimeUITests" */;
			buildPhases = (
				5B04B2EB2D8E342800AA5076 /* Sources */,
				5B04B2EC2D8E342800AA5076 /* Frameworks */,
				5B04B2ED2D8E342800AA5076 /* Resources */,
			);
			buildRules = (
			);
			dependencies = (
				5B04B2F12D8E342800AA5076 /* PBXTargetDependency */,
			);
			fileSystemSynchronizedGroups = (
				5B04B2F22D8E342800AA5076 /* GoAnimeUITests */,
			);
			name = GoAnimeUITests;
			packageProductDependencies = (
			);
			productName = GoAnimeUITests;
			productReference = 5B04B2EF2D8E342800AA5076 /* GoAnimeUITests.xctest */;
			productType = "com.apple.product-type.bundle.ui-testing";
		};
/* End PBXNativeTarget section */

/* Begin PBXProject section */
		5B04B2CD2D8E342600AA5076 /* Project object */ = {
			isa = PBXProject;
			attributes = {
				BuildIndependentTargetsInParallel = 1;
				LastSwiftUpdateCheck = 1620;
				LastUpgradeCheck = 1620;
				TargetAttributes = {
					5B04B2D42D8E342600AA5076 = {
						CreatedOnToolsVersion = 16.2;
					};
					5B04B2E42D8E342800AA5076 = {
						CreatedOnToolsVersion = 16.2;
						TestTargetID = 5B04B2D42D8E342600AA5076;
					};
					5B04B2EE2D8E342800AA5076 = {
						CreatedOnToolsVersion = 16.2;
						TestTargetID = 5B04B2D42D8E342600AA5076;
					};
				};
			};
			buildConfigurationList = 5B04B2D02D8E342600AA5076 /* Build configuration list for PBXProject "GoAnime" */;
			developmentRegion = en;
			hasScannedForEncodings = 0;
			knownRegions = (
				en,
				Base,
			);
			mainGroup = 5B04B2CC2D8E342600AA5076;
			minimizedProjectReferenceProxies = 1;
			packageReferences = (
				5BCBF15E2D8E687D00D0F453 /* XCRemoteSwiftPackageReference "firebase-ios-sdk" */,
			);
			preferredProjectObjectVersion = 77;
			productRefGroup = 5B04B2D62D8E342600AA5076 /* Products */;
			projectDirPath = "";
			projectRoot = "";
			targets = (
				5B04B2D42D8E342600AA5076 /* GoAnime */,
				5B04B2E42D8E342800AA5076 /* GoAnimeTests */,
				5B04B2EE2D8E342800AA5076 /* GoAnimeUITests */,
			);
		};
/* End PBXProject section */

/* Begin PBXResourcesBuildPhase section */
		5B04B2D32D8E342600AA5076 /* Resources */ = {
			isa = PBXResourcesBuildPhase;
			buildActionMask = 2147483647;
			files = (
				5BCBF1702D8E71C600D0F453 /* GoogleService-Info.plist in Resources */,
			);
			runOnlyForDeploymentPostprocessing = 0;
		};
		5B04B2E32D8E342800AA5076 /* Resources */ = {
			isa = PBXResourcesBuildPhase;
			buildActionMask = 2147483647;
			files = (
			);
			runOnlyForDeploymentPostprocessing = 0;
		};
		5B04B2ED2D8E342800AA5076 /* Resources */ = {
			isa = PBXResourcesBuildPhase;
			buildActionMask = 2147483647;
			files = (
			);
			runOnlyForDeploymentPostprocessing = 0;
		};
/* End PBXResourcesBuildPhase section */

/* Begin PBXSourcesBuildPhase section */
		5B04B2D12D8E342600AA5076 /* Sources */ = {
			isa = PBXSourcesBuildPhase;
			buildActionMask = 2147483647;
			files = (
			);
			runOnlyForDeploymentPostprocessing = 0;
		};
		5B04B2E12D8E342800AA5076 /* Sources */ = {
			isa = PBXSourcesBuildPhase;
			buildActionMask = 2147483647;
			files = (
			);
			runOnlyForDeploymentPostprocessing = 0;
		};
		5B04B2EB2D8E342800AA5076 /* Sources */ = {
			isa = PBXSourcesBuildPhase;
			buildActionMask = 2147483647;
			files = (
			);
			runOnlyForDeploymentPostprocessing = 0;
		};
/* End PBXSourcesBuildPhase section */

/* Begin PBXTargetDependency section */
		5B04B2E72D8E342800AA5076 /* PBXTargetDependency */ = {
			isa = PBXTargetDependency;
			target = 5B04B2D42D8E342600AA5076 /* GoAnime */;
			targetProxy = 5B04B2E62D8E342800AA5076 /* PBXContainerItemProxy */;
		};
		5B04B2F12D8E342800AA5076 /* PBXTargetDependency */ = {
			isa = PBXTargetDependency;
			target = 5B04B2D42D8E342600AA5076 /* GoAnime */;
			targetProxy = 5B04B2F02D8E342800AA5076 /* PBXContainerItemProxy */;
		};
/* End PBXTargetDependency section */

/* Begin XCBuildConfiguration section */
		5B04B2F72D8E342800AA5076 /* Debug */ = {
			isa = XCBuildConfiguration;
			buildSettings = {
				ALWAYS_SEARCH_USER_PATHS = NO;
				ASSETCATALOG_COMPILER_GENERATE_SWIFT_ASSET_SYMBOL_EXTENSIONS = YES;
				CLANG_ANALYZER_NONNULL = YES;
				CLANG_ANALYZER_NUMBER_OBJECT_CONVERSION = YES_AGGRESSIVE;
				CLANG_CXX_LANGUAGE_STANDARD = "gnu++20";
				CLANG_ENABLE_MODULES = YES;
				CLANG_ENABLE_OBJC_ARC = YES;
				CLANG_ENABLE_OBJC_WEAK = YES;
				CLANG_WARN_BLOCK_CAPTURE_AUTORELEASING = YES;
				CLANG_WARN_BOOL_CONVERSION = YES;
				CLANG_WARN_COMMA = YES;
				CLANG_WARN_CONSTANT_CONVERSION = YES;
				CLANG_WARN_DEPRECATED_OBJC_IMPLEMENTATIONS = YES;
				CLANG_WARN_DIRECT_OBJC_ISA_USAGE = YES_ERROR;
				CLANG_WARN_DOCUMENTATION_COMMENTS = YES;
				CLANG_WARN_EMPTY_BODY = YES;
				CLANG_WARN_ENUM_CONVERSION = YES;
				CLANG_WARN_INFINITE_RECURSION = YES;
				CLANG_WARN_INT_CONVERSION = YES;
				CLANG_WARN_NON_LITERAL_NULL_CONVERSION = YES;
				CLANG_WARN_OBJC_IMPLICIT_RETAIN_SELF = YES;
				CLANG_WARN_OBJC_LITERAL_CONVERSION = YES;
				CLANG_WARN_OBJC_ROOT_CLASS = YES_ERROR;
				CLANG_WARN_QUOTED_INCLUDE_IN_FRAMEWORK_HEADER = YES;
				CLANG_WARN_RANGE_LOOP_ANALYSIS = YES;
				CLANG_WARN_STRICT_PROTOTYPES = YES;
				CLANG_WARN_SUSPICIOUS_MOVE = YES;
				CLANG_WARN_UNGUARDED_AVAILABILITY = YES_AGGRESSIVE;
				CLANG_WARN_UNREACHABLE_CODE = YES;
				CLANG_WARN__DUPLICATE_METHOD_MATCH = YES;
				COPY_PHASE_STRIP = NO;
				DEBUG_INFORMATION_FORMAT = dwarf;
				ENABLE_STRICT_OBJC_MSGSEND = YES;
				ENABLE_TESTABILITY = YES;
				ENABLE_USER_SCRIPT_SANDBOXING = YES;
				GCC_C_LANGUAGE_STANDARD = gnu17;
				GCC_DYNAMIC_NO_PIC = NO;
				GCC_NO_COMMON_BLOCKS = YES;
				GCC_OPTIMIZATION_LEVEL = 0;
				GCC_PREPROCESSOR_DEFINITIONS = (
					"DEBUG=1",
					"$(inherited)",
				);
				GCC_WARN_64_TO_32_BIT_CONVERSION = YES;
				GCC_WARN_ABOUT_RETURN_TYPE = YES_ERROR;
				GCC_WARN_UNDECLARED_SELECTOR = YES;
				GCC_WARN_UNINITIALIZED_AUTOS = YES_AGGRESSIVE;
				GCC_WARN_UNUSED_FUNCTION = YES;
				GCC_WARN_UNUSED_VARIABLE = YES;
				IPHONEOS_DEPLOYMENT_TARGET = 18.2;
				LOCALIZATION_PREFERS_STRING_CATALOGS = YES;
				MTL_ENABLE_DEBUG_INFO = INCLUDE_SOURCE;
				MTL_FAST_MATH = YES;
				ONLY_ACTIVE_ARCH = YES;
				SDKROOT = iphoneos;
				SWIFT_ACTIVE_COMPILATION_CONDITIONS = "DEBUG $(inherited)";
				SWIFT_OPTIMIZATION_LEVEL = "-Onone";
			};
			name = Debug;
		};
		5B04B2F82D8E342800AA5076 /* Release */ = {
			isa = XCBuildConfiguration;
			buildSettings = {
				ALWAYS_SEARCH_USER_PATHS = NO;
				ASSETCATALOG_COMPILER_GENERATE_SWIFT_ASSET_SYMBOL_EXTENSIONS = YES;
				CLANG_ANALYZER_NONNULL = YES;
				CLANG_ANALYZER_NUMBER_OBJECT_CONVERSION = YES_AGGRESSIVE;
				CLANG_CXX_LANGUAGE_STANDARD = "gnu++20";
				CLANG_ENABLE_MODULES = YES;
				CLANG_ENABLE_OBJC_ARC = YES;
				CLANG_ENABLE_OBJC_WEAK = YES;
				CLANG_WARN_BLOCK_CAPTURE_AUTORELEASING = YES;
				CLANG_WARN_BOOL_CONVERSION = YES;
				CLANG_WARN_COMMA = YES;
				CLANG_WARN_CONSTANT_CONVERSION = YES;
				CLANG_WARN_DEPRECATED_OBJC_IMPLEMENTATIONS = YES;
				CLANG_WARN_DIRECT_OBJC_ISA_USAGE = YES_ERROR;
				CLANG_WARN_DOCUMENTATION_COMMENTS = YES;
				CLANG_WARN_EMPTY_BODY = YES;
				CLANG_WARN_ENUM_CONVERSION = YES;
				CLANG_WARN_INFINITE_RECURSION = YES;
				CLANG_WARN_INT_CONVERSION = YES;
				CLANG_WARN_NON_LITERAL_NULL_CONVERSION = YES;
				CLANG_WARN_OBJC_IMPLICIT_RETAIN_SELF = YES;
				CLANG_WARN_OBJC_LITERAL_CONVERSION = YES;
				CLANG_WARN_OBJC_ROOT_CLASS = YES_ERROR;
				CLANG_WARN_QUOTED_INCLUDE_IN_FRAMEWORK_HEADER = YES;
				CLANG_WARN_RANGE_LOOP_ANALYSIS = YES;
				CLANG_WARN_STRICT_PROTOTYPES = YES;
				CLANG_WARN_SUSPICIOUS_MOVE = YES;
				CLANG_WARN_UNGUARDED_AVAILABILITY = YES_AGGRESSIVE;
				CLANG_WARN_UNREACHABLE_CODE = YES;
				CLANG_WARN__DUPLICATE_METHOD_MATCH = YES;
				COPY_PHASE_STRIP = NO;
				DEBUG_INFORMATION_FORMAT = "dwarf-with-dsym";
				ENABLE_NS_ASSERTIONS = NO;
				ENABLE_STRICT_OBJC_MSGSEND = YES;
				ENABLE_USER_SCRIPT_SANDBOXING = YES;
				GCC_C_LANGUAGE_STANDARD = gnu17;
				GCC_NO_COMMON_BLOCKS = YES;
				GCC_WARN_64_TO_32_BIT_CONVERSION = YES;
				GCC_WARN_ABOUT_RETURN_TYPE = YES_ERROR;
				GCC_WARN_UNDECLARED_SELECTOR = YES;
				GCC_WARN_UNINITIALIZED_AUTOS = YES_AGGRESSIVE;
				GCC_WARN_UNUSED_FUNCTION = YES;
				GCC_WARN_UNUSED_VARIABLE = YES;
				IPHONEOS_DEPLOYMENT_TARGET = 18.2;
				LOCALIZATION_PREFERS_STRING_CATALOGS = YES;
				MTL_ENABLE_DEBUG_INFO = NO;
				MTL_FAST_MATH = YES;
				SDKROOT = iphoneos;
				SWIFT_COMPILATION_MODE = wholemodule;
				VALIDATE_PRODUCT = YES;
			};
			name = Release;
		};
		5B04B2FA2D8E342800AA5076 /* Debug */ = {
			isa = XCBuildConfiguration;
			buildSettings = {
				ASSETCATALOG_COMPILER_APPICON_NAME = AppIcon;
				ASSETCATALOG_COMPILER_GLOBAL_ACCENT_COLOR_NAME = AccentColor;
				CODE_SIGN_STYLE = Automatic;
				CURRENT_PROJECT_VERSION = 1;
				DEVELOPMENT_ASSET_PATHS = "\"GoAnime/Preview Content\"";
				DEVELOPMENT_TEAM = MS7RNXG6UJ;
				ENABLE_PREVIEWS = YES;
				GENERATE_INFOPLIST_FILE = YES;
				INFOPLIST_FILE = GoAnime/Info.plist;
				INFOPLIST_KEY_UIApplicationSceneManifest_Generation = YES;
				INFOPLIST_KEY_UIApplicationSupportsIndirectInputEvents = YES;
				INFOPLIST_KEY_UILaunchScreen_Generation = YES;
				INFOPLIST_KEY_UISupportedInterfaceOrientations_iPad = "UIInterfaceOrientationPortrait UIInterfaceOrientationPortraitUpsideDown UIInterfaceOrientationLandscapeLeft UIInterfaceOrientationLandscapeRight";
				INFOPLIST_KEY_UISupportedInterfaceOrientations_iPhone = "UIInterfaceOrientationPortrait UIInterfaceOrientationLandscapeLeft UIInterfaceOrientationLandscapeRight";
				LD_RUNPATH_SEARCH_PATHS = (
					"$(inherited)",
					"@executable_path/Frameworks",
				);
				MARKETING_VERSION = 1.0;
				PRODUCT_BUNDLE_IDENTIFIER = TC.GoAnime;
				PRODUCT_NAME = "$(TARGET_NAME)";
				SWIFT_EMIT_LOC_STRINGS = YES;
				SWIFT_VERSION = 5.0;
				TARGETED_DEVICE_FAMILY = "1,2";
			};
			name = Debug;
		};
		5B04B2FB2D8E342800AA5076 /* Release */ = {
			isa = XCBuildConfiguration;
			buildSettings = {
				ASSETCATALOG_COMPILER_APPICON_NAME = AppIcon;
				ASSETCATALOG_COMPILER_GLOBAL_ACCENT_COLOR_NAME = AccentColor;
				CODE_SIGN_STYLE = Automatic;
				CURRENT_PROJECT_VERSION = 1;
				DEVELOPMENT_ASSET_PATHS = "\"GoAnime/Preview Content\"";
				DEVELOPMENT_TEAM = MS7RNXG6UJ;
				ENABLE_PREVIEWS = YES;
				GENERATE_INFOPLIST_FILE = YES;
				INFOPLIST_FILE = GoAnime/Info.plist;
				INFOPLIST_KEY_UIApplicationSceneManifest_Generation = YES;
				INFOPLIST_KEY_UIApplicationSupportsIndirectInputEvents = YES;
				INFOPLIST_KEY_UILaunchScreen_Generation = YES;
				INFOPLIST_KEY_UISupportedInterfaceOrientations_iPad = "UIInterfaceOrientationPortrait UIInterfaceOrientationPortraitUpsideDown UIInterfaceOrientationLandscapeLeft UIInterfaceOrientationLandscapeRight";
				INFOPLIST_KEY_UISupportedInterfaceOrientations_iPhone = "UIInterfaceOrientationPortrait UIInterfaceOrientationLandscapeLeft UIInterfaceOrientationLandscapeRight";
				LD_RUNPATH_SEARCH_PATHS = (
					"$(inherited)",
					"@executable_path/Frameworks",
				);
				MARKETING_VERSION = 1.0;
				PRODUCT_BUNDLE_IDENTIFIER = TC.GoAnime;
				PRODUCT_NAME = "$(TARGET_NAME)";
				SWIFT_EMIT_LOC_STRINGS = YES;
				SWIFT_VERSION = 5.0;
				TARGETED_DEVICE_FAMILY = "1,2";
			};
			name = Release;
		};
		5B04B2FD2D8E342800AA5076 /* Debug */ = {
			isa = XCBuildConfiguration;
			buildSettings = {
				BUNDLE_LOADER = "$(TEST_HOST)";
				CODE_SIGN_STYLE = Automatic;
				CURRENT_PROJECT_VERSION = 1;
				GENERATE_INFOPLIST_FILE = YES;
				IPHONEOS_DEPLOYMENT_TARGET = 18.2;
				MARKETING_VERSION = 1.0;
				PRODUCT_BUNDLE_IDENTIFIER = TC.GoAnimeTests;
				PRODUCT_NAME = "$(TARGET_NAME)";
				SWIFT_EMIT_LOC_STRINGS = NO;
				SWIFT_VERSION = 5.0;
				TARGETED_DEVICE_FAMILY = "1,2";
				TEST_HOST = "$(BUILT_PRODUCTS_DIR)/GoAnime.app/$(BUNDLE_EXECUTABLE_FOLDER_PATH)/GoAnime";
			};
			name = Debug;
		};
		5B04B2FE2D8E342800AA5076 /* Release */ = {
			isa = XCBuildConfiguration;
			buildSettings = {
				BUNDLE_LOADER = "$(TEST_HOST)";
				CODE_SIGN_STYLE = Automatic;
				CURRENT_PROJECT_VERSION = 1;
				GENERATE_INFOPLIST_FILE = YES;
				IPHONEOS_DEPLOYMENT_TARGET = 18.2;
				MARKETING_VERSION = 1.0;
				PRODUCT_BUNDLE_IDENTIFIER = TC.GoAnimeTests;
				PRODUCT_NAME = "$(TARGET_NAME)";
				SWIFT_EMIT_LOC_STRINGS = NO;
				SWIFT_VERSION = 5.0;
				TARGETED_DEVICE_FAMILY = "1,2";
				TEST_HOST = "$(BUILT_PRODUCTS_DIR)/GoAnime.app/$(BUNDLE_EXECUTABLE_FOLDER_PATH)/GoAnime";
			};
			name = Release;
		};
		5B04B3002D8E342800AA5076 /* Debug */ = {
			isa = XCBuildConfiguration;
			buildSettings = {
				CODE_SIGN_STYLE = Automatic;
				CURRENT_PROJECT_VERSION = 1;
				GENERATE_INFOPLIST_FILE = YES;
				MARKETING_VERSION = 1.0;
				PRODUCT_BUNDLE_IDENTIFIER = TC.GoAnimeUITests;
				PRODUCT_NAME = "$(TARGET_NAME)";
				SWIFT_EMIT_LOC_STRINGS = NO;
				SWIFT_VERSION = 5.0;
				TARGETED_DEVICE_FAMILY = "1,2";
				TEST_TARGET_NAME = GoAnime;
			};
			name = Debug;
		};
		5B04B3012D8E342800AA5076 /* Release */ = {
			isa = XCBuildConfiguration;
			buildSettings = {
				CODE_SIGN_STYLE = Automatic;
				CURRENT_PROJECT_VERSION = 1;
				GENERATE_INFOPLIST_FILE = YES;
				MARKETING_VERSION = 1.0;
				PRODUCT_BUNDLE_IDENTIFIER = TC.GoAnimeUITests;
				PRODUCT_NAME = "$(TARGET_NAME)";
				SWIFT_EMIT_LOC_STRINGS = NO;
				SWIFT_VERSION = 5.0;
				TARGETED_DEVICE_FAMILY = "1,2";
				TEST_TARGET_NAME = GoAnime;
			};
			name = Release;
		};
/* End XCBuildConfiguration section */

/* Begin XCConfigurationList section */
		5B04B2D02D8E342600AA5076 /* Build configuration list for PBXProject "GoAnime" */ = {
			isa = XCConfigurationList;
			buildConfigurations = (
				5B04B2F72D8E342800AA5076 /* Debug */,
				5B04B2F82D8E342800AA5076 /* Release */,
			);
			defaultConfigurationIsVisible = 0;
			defaultConfigurationName = Release;
		};
		5B04B2F92D8E342800AA5076 /* Build configuration list for PBXNativeTarget "GoAnime" */ = {
			isa = XCConfigurationList;
			buildConfigurations = (
				5B04B2FA2D8E342800AA5076 /* Debug */,
				5B04B2FB2D8E342800AA5076 /* Release */,
			);
			defaultConfigurationIsVisible = 0;
			defaultConfigurationName = Release;
		};
		5B04B2FC2D8E342800AA5076 /* Build configuration list for PBXNativeTarget "GoAnimeTests" */ = {
			isa = XCConfigurationList;
			buildConfigurations = (
				5B04B2FD2D8E342800AA5076 /* Debug */,
				5B04B2FE2D8E342800AA5076 /* Release */,
			);
			defaultConfigurationIsVisible = 0;
			defaultConfigurationName = Release;
		};
		5B04B2FF2D8E342800AA5076 /* Build configuration list for PBXNativeTarget "GoAnimeUITests" */ = {
			isa = XCConfigurationList;
			buildConfigurations = (
				5B04B3002D8E342800AA5076 /* Debug */,
				5B04B3012D8E342800AA5076 /* Release */,
			);
			defaultConfigurationIsVisible = 0;
			defaultConfigurationName = Release;
		};
/* End XCConfigurationList section */

/* Begin XCRemoteSwiftPackageReference section */
		5BCBF15E2D8E687D00D0F453 /* XCRemoteSwiftPackageReference "firebase-ios-sdk" */ = {
			isa = XCRemoteSwiftPackageReference;
			repositoryURL = "https://github.com/firebase/firebase-ios-sdk";
			requirement = {
				kind = upToNextMajorVersion;
				minimumVersion = 11.10.0;
			};
		};
/* End XCRemoteSwiftPackageReference section */

/* Begin XCSwiftPackageProductDependency section */
		5BCBF15F2D8E687D00D0F453 /* FirebaseAnalytics */ = {
			isa = XCSwiftPackageProductDependency;
			package = 5BCBF15E2D8E687D00D0F453 /* XCRemoteSwiftPackageReference "firebase-ios-sdk" */;
			productName = FirebaseAnalytics;
		};
		5BCBF1612D8E687D00D0F453 /* FirebaseAuth */ = {
			isa = XCSwiftPackageProductDependency;
			package = 5BCBF15E2D8E687D00D0F453 /* XCRemoteSwiftPackageReference "firebase-ios-sdk" */;
			productName = FirebaseAuth;
		};
		5BCBF1632D8E687D00D0F453 /* FirebaseCore */ = {
			isa = XCSwiftPackageProductDependency;
			package = 5BCBF15E2D8E687D00D0F453 /* XCRemoteSwiftPackageReference "firebase-ios-sdk" */;
			productName = FirebaseCore;
		};
		5BCBF1652D8E687D00D0F453 /* FirebaseCrashlytics */ = {
			isa = XCSwiftPackageProductDependency;
			package = 5BCBF15E2D8E687D00D0F453 /* XCRemoteSwiftPackageReference "firebase-ios-sdk" */;
			productName = FirebaseCrashlytics;
		};
		5BCBF1B62D8F522400D0F453 /* FirebaseFirestore */ = {
			isa = XCSwiftPackageProductDependency;
			package = 5BCBF15E2D8E687D00D0F453 /* XCRemoteSwiftPackageReference "firebase-ios-sdk" */;
			productName = FirebaseFirestore;
		};
/* End XCSwiftPackageProductDependency section */
	};
	rootObject = 5B04B2CD2D8E342600AA5076 /* Project object */;
}
